
Microsoft Visual Studio Solution File, Format Version 12.00
# Visual Studio 15
VisualStudioVersion = 15.0.26430.16
MinimumVisualStudioVersion = 10.0.40219.1
Project("{8BC9CEB8-8B4A-11D0-8D11-00A0C91BC942}") = "ojgl", "ojgl\ojgl.vcxproj", "{340966A2-A0AD-4E81-9E82-D2D92359ACE9}"
EndProject
Project("{8BC9CEB8-8B4A-11D0-8D11-00A0C91BC942}") = "tlibc", "tlibc\tlibc.vcxproj", "{4E15033F-45F2-4765-926E-E86660EF6C85}"
EndProject
Global
	GlobalSection(Performance) = preSolution
		HasPerformanceSessions = true
	EndGlobalSection
	GlobalSection(SolutionConfigurationPlatforms) = preSolution
		Debug|x64 = Debug|x64
		Debug|x86 = Debug|x86
		OptimizedDebug|x64 = OptimizedDebug|x64
		OptimizedDebug|x86 = OptimizedDebug|x86
		Release|x64 = Release|x64
		Release|x86 = Release|x86
		Unicode Debug|x64 = Unicode Debug|x64
		Unicode Debug|x86 = Unicode Debug|x86
		Unicode Release|x64 = Unicode Release|x64
		Unicode Release|x86 = Unicode Release|x86
	EndGlobalSection
	GlobalSection(ProjectConfigurationPlatforms) = postSolution
		{340966A2-A0AD-4E81-9E82-D2D92359ACE9}.Debug|x64.ActiveCfg = Debug|Win32
		{340966A2-A0AD-4E81-9E82-D2D92359ACE9}.Debug|x86.ActiveCfg = Debug|Win32
		{340966A2-A0AD-4E81-9E82-D2D92359ACE9}.Debug|x86.Build.0 = Debug|Win32
		{340966A2-A0AD-4E81-9E82-D2D92359ACE9}.OptimizedDebug|x64.ActiveCfg = OptimizedDebug|Win32
		{340966A2-A0AD-4E81-9E82-D2D92359ACE9}.OptimizedDebug|x86.ActiveCfg = OptimizedDebug|Win32
		{340966A2-A0AD-4E81-9E82-D2D92359ACE9}.OptimizedDebug|x86.Build.0 = OptimizedDebug|Win32
		{340966A2-A0AD-4E81-9E82-D2D92359ACE9}.Release|x64.ActiveCfg = Release|Win32
		{340966A2-A0AD-4E81-9E82-D2D92359ACE9}.Release|x86.ActiveCfg = Release|Win32
		{340966A2-A0AD-4E81-9E82-D2D92359ACE9}.Release|x86.Build.0 = Release|Win32
		{340966A2-A0AD-4E81-9E82-D2D92359ACE9}.Unicode Debug|x64.ActiveCfg = Unicode Debug|Win32
		{340966A2-A0AD-4E81-9E82-D2D92359ACE9}.Unicode Debug|x86.ActiveCfg = Unicode Debug|Win32
		{340966A2-A0AD-4E81-9E82-D2D92359ACE9}.Unicode Debug|x86.Build.0 = Unicode Debug|Win32
		{340966A2-A0AD-4E81-9E82-D2D92359ACE9}.Unicode Release|x64.ActiveCfg = Unicode Release|Win32
		{340966A2-A0AD-4E81-9E82-D2D92359ACE9}.Unicode Release|x86.ActiveCfg = Unicode Release|Win32
		{340966A2-A0AD-4E81-9E82-D2D92359ACE9}.Unicode Release|x86.Build.0 = Unicode Release|Win32
		{4E15033F-45F2-4765-926E-E86660EF6C85}.Debug|x64.ActiveCfg = Debug|Win32
		{4E15033F-45F2-4765-926E-E86660EF6C85}.Debug|x86.ActiveCfg = Debug|Win32
		{4E15033F-45F2-4765-926E-E86660EF6C85}.Debug|x86.Build.0 = Debug|Win32
		{4E15033F-45F2-4765-926E-E86660EF6C85}.OptimizedDebug|x64.ActiveCfg = OptimizedDebug|Win32
		{4E15033F-45F2-4765-926E-E86660EF6C85}.OptimizedDebug|x86.ActiveCfg = OptimizedDebug|Win32
		{4E15033F-45F2-4765-926E-E86660EF6C85}.OptimizedDebug|x86.Build.0 = OptimizedDebug|Win32
		{4E15033F-45F2-4765-926E-E86660EF6C85}.Release|x64.ActiveCfg = Release|Win32
		{4E15033F-45F2-4765-926E-E86660EF6C85}.Release|x86.ActiveCfg = Release|Win32
		{4E15033F-45F2-4765-926E-E86660EF6C85}.Release|x86.Build.0 = Release|Win32
		{4E15033F-45F2-4765-926E-E86660EF6C85}.Unicode Debug|x64.ActiveCfg = Unicode Debug|Win32
		{4E15033F-45F2-4765-926E-E86660EF6C85}.Unicode Debug|x86.ActiveCfg = Unicode Debug|Win32
		{4E15033F-45F2-4765-926E-E86660EF6C85}.Unicode Debug|x86.Build.0 = Unicode Debug|Win32
		{4E15033F-45F2-4765-926E-E86660EF6C85}.Unicode Release|x64.ActiveCfg = Unicode Release|Win32
		{4E15033F-45F2-4765-926E-E86660EF6C85}.Unicode Release|x86.ActiveCfg = Unicode Release|Win32
		{4E15033F-45F2-4765-926E-E86660EF6C85}.Unicode Release|x86.Build.0 = Unicode Release|Win32
	EndGlobalSection
	GlobalSection(SolutionProperties) = preSolution
		HideSolutionNode = FALSE
	EndGlobalSection
	GlobalSection(ExtensibilityGlobals) = postSolution
		SolutionGuid = {7AEEE31E-4633-4E13-9BB6-E740CA83C042}
	EndGlobalSection
	GlobalSection(Performance) = preSolution
		HasPerformanceSessions = true
	EndGlobalSection
EndGlobal
