<?xml version="1.0" encoding="utf-8"?>
<Project ToolsVersion="4.0" xmlns="http://schemas.microsoft.com/developer/msbuild/2003">
  <ItemGroup>
    <None Include="examples\songs\song.inc" />
    <None Include="examples\shaders\demo.fs" />
    <None Include="examples\shaders\demo.vs" />
    <None Include="examples\shaders\post.fs" />
    <None Include="examples\shaders\post.vs" />
    <None Include="examples\shaders\dofScene.fs" />
    <None Include="examples\shaders\dofBlur2.fs" />
    <None Include="examples\shaders\dofBlur1.fs" />
    <None Include="examples\shaders\dofFinal.fs" />
    <None Include="examples\shaders\tunnelScene.fs" />
    <None Include="examples\shaders\baseScene.fs" />
    <None Include="examples\shaderlibs\distanceFunctions.fs" />
    <None Include="examples\shaderlibs\misc.fs" />
    <None Include="examples\shaders\roomScene.fs" />
    <None Include="examples\shaders\roomScenePost.fs" />
    <None Include="examples\shaders\graveScene.fs" />
    <None Include="examples\shaders\graveScenePost.fs" />
    <None Include="examples\shaders\introScene.fs" />
    <None Include="examples\shaders\fxaa.fs" />
    <None Include="examples\shaders\fxaa.vs" />
    <None Include="examples\shaders\edison.fs" />
    <None Include="examples\shaders\edison.vs" />
    <None Include="examples\done\lavaIntro.fs" />
    <None Include="examples\done\tornado.fs" />
    <None Include="examples\done\tornado2.fs" />
    <None Include="examples\done\sunScene.fs" />
    <None Include="examples\done\tornado3.fs" />
    <None Include="examples\done\lavaScene2.fs" />
    <None Include="examples\done\outro.fs" />
    <None Include="examples\copy\lavaIntro.fs" />
    <None Include="examples\copy\lavaScene2.fs" />
    <None Include="examples\copy\outro.fs" />
    <None Include="examples\copy\sunScene.fs" />
    <None Include="examples\copy\tornado.fs" />
    <None Include="examples\copy\tornado2.fs" />
    <None Include="examples\copy\tornado3.fs" />
    <None Include="examples\done\mountain.fs" />
    <None Include="examples\done\mountainNoise.fs" />
    <None Include="examples\done\mountainPost.fs" />
  </ItemGroup>
  <ItemGroup>
    <ClCompile Include="examples\Main.cpp" />
    <ClCompile Include="src\music\V2MPlayer.cpp" />
    <ClCompile Include="src\render\GLState.cpp" />
    <ClCompile Include="src\render\Window.cpp" />
    <ClCompile Include="src\winapi\gl_loader.cpp" />
    <ClCompile Include="src\music\Music.cpp" />
    <ClCompile Include="src\music\SyncChannel.cpp" />
    <ClCompile Include="src\render\Buffer.cpp" />
    <ClCompile Include="src\render\Scene.cpp" />
    <ClCompile Include="src\render\Texture.cpp" />
    <ClCompile Include="src\utility\Duration.cpp" />
    <ClCompile Include="src\utility\Timepoint.cpp" />
    <ClCompile Include="src\utility\ShaderReader.cpp" />
  </ItemGroup>
  <ItemGroup>
    <ClInclude Include="src\music\V2MPlayer.h" />
    <ClInclude Include="src\render\GLState.h" />
    <ClInclude Include="src\render\Window.h" />
    <ClInclude Include="src\utility\Timer.hpp" />
    <ClInclude Include="src\winapi\gl_loader.h" />
    <ClInclude Include="src\winapi\glext.h" />
    <ClInclude Include="src\winapi\wglext.h" />
    <ClInclude Include="src\OJGL.h" />
    <ClInclude Include="src\music\SyncEvent.hpp" />
    <ClInclude Include="src\music\Music.h" />
    <ClInclude Include="src\music\SyncChannel.h" />
    <ClInclude Include="src\render\Uniform.hpp" />
    <ClInclude Include="src\render\Buffer.h" />
    <ClInclude Include="src\render\Scene.h" />
    <ClInclude Include="src\render\Texture.h" />
    <ClInclude Include="src\thirdparty\libv2.h" />
    <ClInclude Include="src\thirdparty\stb_image.h" />
    <ClInclude Include="src\utility\Log.h" />
    <ClInclude Include="src\utility\Duration.h" />
    <ClInclude Include="src\utility\Timepoint.h" />
    <ClInclude Include="src\utility\ShaderReader.h" />
    <ClInclude Include="examples\EmbeddedResources.h" />
  </ItemGroup>
  <ItemGroup>
    <Image Include="examples\textures\image.png" />
  </ItemGroup>
</Project>