<?xml version="1.0" encoding="utf-8"?>
<Project ToolsVersion="4.0" xmlns="http://schemas.microsoft.com/developer/msbuild/2003">
  <ItemGroup>
    <None Include="examples\songs\song.inc" />
    <None Include="examples\shaders\demo.fs" />
    <None Include="examples\shaders\demo.vs" />
  </ItemGroup>
  <ItemGroup>
    <ClCompile Include="examples\Main.cpp" />
    <ClCompile Include="src\music\V2MPlayer.cpp" />
    <ClCompile Include="src\render\GLState.cpp" />
    <ClCompile Include="src\render\Window.cpp" />
    <ClCompile Include="src\winapi\gl_loader.cpp" />
    <ClCompile Include="src\music\Music.cpp" />
    <ClCompile Include="src\music\SyncChannel.cpp" />
  </ItemGroup>
  <ItemGroup>
    <ClInclude Include="src\music\V2MPlayer.h" />
    <ClInclude Include="src\render\GLState.h" />
    <ClInclude Include="src\render\Window.h" />
    <ClInclude Include="src\utility\Timer.hpp" />
    <ClInclude Include="src\winapi\gl_loader.h" />
    <ClInclude Include="src\winapi\glext.h" />
    <ClInclude Include="src\winapi\libv2.h" />
    <ClInclude Include="src\winapi\wglext.h" />
    <ClInclude Include="src\OJGL.h" />
    <ClInclude Include="src\music\SyncEvent.hpp" />
    <ClInclude Include="src\music\Music.h" />
    <ClInclude Include="src\music\SyncChannel.h" />
    <ClInclude Include="src\render\Uniform.hpp" />
  </ItemGroup>
</Project>